
Microsoft Visual Studio Solution File, Format Version 12.00
# Visual Studio Version 17
VisualStudioVersion = 17.5.33424.131
MinimumVisualStudioVersion = 10.0.40219.1
Project("{8BC9CEB8-8B4A-11D0-8D11-00A0C91BC942}") = "ActivityStructure_120", "ActivityStructure_120\ActivityStructure_120.vcxproj", "{61061668-2821-4BC5-80C3-B75C7C1B96A1}"
EndProject
Project("{8BC9CEB8-8B4A-11D0-8D11-00A0C91BC942}") = "latihan2", "latihan2\latihan2.vcxproj", "{10960B68-5B06-40CB-987B-1CA9E3607F77}"
EndProject
Project("{8BC9CEB8-8B4A-11D0-8D11-00A0C91BC942}") = "latiahan3", "latiahan3\latiahan3.vcxproj", "{3F2153D7-1E01-4CF1-A220-C01982B567CD}"
EndProject
Global
	GlobalSection(SolutionConfigurationPlatforms) = preSolution
		Debug|x64 = Debug|x64
		Debug|x86 = Debug|x86
		Release|x64 = Release|x64
		Release|x86 = Release|x86
	EndGlobalSection
	GlobalSection(ProjectConfigurationPlatforms) = postSolution
		{61061668-2821-4BC5-80C3-B75C7C1B96A1}.Debug|x64.ActiveCfg = Debug|x64
		{61061668-2821-4BC5-80C3-B75C7C1B96A1}.Debug|x64.Build.0 = Debug|x64
		{61061668-2821-4BC5-80C3-B75C7C1B96A1}.Debug|x86.ActiveCfg = Debug|Win32
		{61061668-2821-4BC5-80C3-B75C7C1B96A1}.Debug|x86.Build.0 = Debug|Win32
		{61061668-2821-4BC5-80C3-B75C7C1B96A1}.Release|x64.ActiveCfg = Release|x64
		{61061668-2821-4BC5-80C3-B75C7C1B96A1}.Release|x64.Build.0 = Release|x64
		{61061668-2821-4BC5-80C3-B75C7C1B96A1}.Release|x86.ActiveCfg = Release|Win32
		{61061668-2821-4BC5-80C3-B75C7C1B96A1}.Release|x86.Build.0 = Release|Win32
		{10960B68-5B06-40CB-987B-1CA9E3607F77}.Debug|x64.ActiveCfg = Debug|x64
		{10960B68-5B06-40CB-987B-1CA9E3607F77}.Debug|x64.Build.0 = Debug|x64
		{10960B68-5B06-40CB-987B-1CA9E3607F77}.Debug|x86.ActiveCfg = Debug|Win32
		{10960B68-5B06-40CB-987B-1CA9E3607F77}.Debug|x86.Build.0 = Debug|Win32
		{10960B68-5B06-40CB-987B-1CA9E3607F77}.Release|x64.ActiveCfg = Release|x64
		{10960B68-5B06-40CB-987B-1CA9E3607F77}.Release|x64.Build.0 = Release|x64
		{10960B68-5B06-40CB-987B-1CA9E3607F77}.Release|x86.ActiveCfg = Release|Win32
		{10960B68-5B06-40CB-987B-1CA9E3607F77}.Release|x86.Build.0 = Release|Win32
		{3F2153D7-1E01-4CF1-A220-C01982B567CD}.Debug|x64.ActiveCfg = Debug|x64
		{3F2153D7-1E01-4CF1-A220-C01982B567CD}.Debug|x64.Build.0 = Debug|x64
		{3F2153D7-1E01-4CF1-A220-C01982B567CD}.Debug|x86.ActiveCfg = Debug|Win32
		{3F2153D7-1E01-4CF1-A220-C01982B567CD}.Debug|x86.Build.0 = Debug|Win32
		{3F2153D7-1E01-4CF1-A220-C01982B567CD}.Release|x64.ActiveCfg = Release|x64
		{3F2153D7-1E01-4CF1-A220-C01982B567CD}.Release|x64.Build.0 = Release|x64
		{3F2153D7-1E01-4CF1-A220-C01982B567CD}.Release|x86.ActiveCfg = Release|Win32
		{3F2153D7-1E01-4CF1-A220-C01982B567CD}.Release|x86.Build.0 = Release|Win32
	EndGlobalSection
	GlobalSection(SolutionProperties) = preSolution
		HideSolutionNode = FALSE
	EndGlobalSection
	GlobalSection(ExtensibilityGlobals) = postSolution
		SolutionGuid = {B2A32802-9556-424A-829F-87B232420E58}
	EndGlobalSection
EndGlobal
